
Microsoft Visual Studio Solution File, Format Version 12.00
# Visual Studio Version 17
VisualStudioVersion = 17.9.34622.214
MinimumVisualStudioVersion = 10.0.40219.1
Project("{FAE04EC0-301F-11D3-BF4B-00C04F79EFBC}") = "UserManagement.API", "UserManagement.API\UserManagement.API.csproj", "{30448D18-C58E-4ADB-8A87-2371A1175A52}"
EndProject
Project("{FAE04EC0-301F-11D3-BF4B-00C04F79EFBC}") = "UserManagement.Tests", "UserManagement.Tests\UserManagement.Tests.csproj", "{0E808CAD-2274-4A2C-9C5B-B417D5DD3B1D}"
EndProject
Global
	GlobalSection(SolutionConfigurationPlatforms) = preSolution
		Debug|Any CPU = Debug|Any CPU
		Release|Any CPU = Release|Any CPU
	EndGlobalSection
	GlobalSection(ProjectConfigurationPlatforms) = postSolution
		{30448D18-C58E-4ADB-8A87-2371A1175A52}.Debug|Any CPU.ActiveCfg = Debug|Any CPU
		{30448D18-C58E-4ADB-8A87-2371A1175A52}.Debug|Any CPU.Build.0 = Debug|Any CPU
		{30448D18-C58E-4ADB-8A87-2371A1175A52}.Release|Any CPU.ActiveCfg = Release|Any CPU
		{30448D18-C58E-4ADB-8A87-2371A1175A52}.Release|Any CPU.Build.0 = Release|Any CPU
		{0E808CAD-2274-4A2C-9C5B-B417D5DD3B1D}.Debug|Any CPU.ActiveCfg = Debug|Any CPU
		{0E808CAD-2274-4A2C-9C5B-B417D5DD3B1D}.Debug|Any CPU.Build.0 = Debug|Any CPU
		{0E808CAD-2274-4A2C-9C5B-B417D5DD3B1D}.Release|Any CPU.ActiveCfg = Release|Any CPU
		{0E808CAD-2274-4A2C-9C5B-B417D5DD3B1D}.Release|Any CPU.Build.0 = Release|Any CPU
	EndGlobalSection
	GlobalSection(SolutionProperties) = preSolution
		HideSolutionNode = FALSE
	EndGlobalSection
	GlobalSection(ExtensibilityGlobals) = postSolution
		SolutionGuid = {8B1E1C6B-2273-4323-9366-83CE07335E3A}
	EndGlobalSection
EndGlobal
